
Microsoft Visual Studio Solution File, Format Version 12.00
# Visual Studio Version 17
VisualStudioVersion = 17.0.31912.275
MinimumVisualStudioVersion = 10.0.40219.1
Project("{FAE04EC0-301F-11D3-BF4B-00C04F79EFBC}") = "Icarus.API", "Icarus.API\Icarus.API.csproj", "{8E3BA8A1-D820-4207-AECC-713BCA832A24}"
EndProject
Project("{FAE04EC0-301F-11D3-BF4B-00C04F79EFBC}") = "Icarus.Model", "Icarus.Model\Icarus.Model.csproj", "{ADF6CC6C-19BF-4F92-8B1F-C7DBE4CCC2C0}"
EndProject
Project("{FAE04EC0-301F-11D3-BF4B-00C04F79EFBC}") = "Icarus.DB", "Icarus.DB\Icarus.DB.csproj", "{CC6FC418-2213-4968-A04F-7012F786D204}"
EndProject
Project("{FAE04EC0-301F-11D3-BF4B-00C04F79EFBC}") = "Icarus.Service", "Icarus.Service\Icarus.Service.csproj", "{87C36E21-5913-4694-901E-B3903C8A98F2}"
EndProject
Global
	GlobalSection(SolutionConfigurationPlatforms) = preSolution
		Debug|Any CPU = Debug|Any CPU
		Release|Any CPU = Release|Any CPU
	EndGlobalSection
	GlobalSection(ProjectConfigurationPlatforms) = postSolution
		{8E3BA8A1-D820-4207-AECC-713BCA832A24}.Debug|Any CPU.ActiveCfg = Debug|Any CPU
		{8E3BA8A1-D820-4207-AECC-713BCA832A24}.Debug|Any CPU.Build.0 = Debug|Any CPU
		{8E3BA8A1-D820-4207-AECC-713BCA832A24}.Release|Any CPU.ActiveCfg = Release|Any CPU
		{8E3BA8A1-D820-4207-AECC-713BCA832A24}.Release|Any CPU.Build.0 = Release|Any CPU
		{ADF6CC6C-19BF-4F92-8B1F-C7DBE4CCC2C0}.Debug|Any CPU.ActiveCfg = Debug|Any CPU
		{ADF6CC6C-19BF-4F92-8B1F-C7DBE4CCC2C0}.Debug|Any CPU.Build.0 = Debug|Any CPU
		{ADF6CC6C-19BF-4F92-8B1F-C7DBE4CCC2C0}.Release|Any CPU.ActiveCfg = Release|Any CPU
		{ADF6CC6C-19BF-4F92-8B1F-C7DBE4CCC2C0}.Release|Any CPU.Build.0 = Release|Any CPU
		{CC6FC418-2213-4968-A04F-7012F786D204}.Debug|Any CPU.ActiveCfg = Debug|Any CPU
		{CC6FC418-2213-4968-A04F-7012F786D204}.Debug|Any CPU.Build.0 = Debug|Any CPU
		{CC6FC418-2213-4968-A04F-7012F786D204}.Release|Any CPU.ActiveCfg = Release|Any CPU
		{CC6FC418-2213-4968-A04F-7012F786D204}.Release|Any CPU.Build.0 = Release|Any CPU
		{87C36E21-5913-4694-901E-B3903C8A98F2}.Debug|Any CPU.ActiveCfg = Debug|Any CPU
		{87C36E21-5913-4694-901E-B3903C8A98F2}.Debug|Any CPU.Build.0 = Debug|Any CPU
		{87C36E21-5913-4694-901E-B3903C8A98F2}.Release|Any CPU.ActiveCfg = Release|Any CPU
		{87C36E21-5913-4694-901E-B3903C8A98F2}.Release|Any CPU.Build.0 = Release|Any CPU
	EndGlobalSection
	GlobalSection(SolutionProperties) = preSolution
		HideSolutionNode = FALSE
	EndGlobalSection
	GlobalSection(ExtensibilityGlobals) = postSolution
		SolutionGuid = {6905D3B4-9AD6-488D-A4A2-86FB0B8B4117}
	EndGlobalSection
EndGlobal
